// !$*UTF8*$!
{
	archiveVersion = 1;
	classes = {
	};
	objectVersion = 48;
	objects = {

/* Begin PBXBuildFile section */
		988E8401207FB00A002643DB /* AppDelegate.swift in Sources */ = {isa = PBXBuildFile; fileRef = 988E8400207FB00A002643DB /* AppDelegate.swift */; };
		988E8403207FB00A002643DB /* GameScene.sks in Resources */ = {isa = PBXBuildFile; fileRef = 988E8402207FB00A002643DB /* GameScene.sks */; };
		988E8405207FB00A002643DB /* Actions.sks in Resources */ = {isa = PBXBuildFile; fileRef = 988E8404207FB00A002643DB /* Actions.sks */; };
		988E8407207FB00A002643DB /* GameScene.swift in Sources */ = {isa = PBXBuildFile; fileRef = 988E8406207FB00A002643DB /* GameScene.swift */; };
		988E8409207FB00A002643DB /* GameViewController.swift in Sources */ = {isa = PBXBuildFile; fileRef = 988E8408207FB00A002643DB /* GameViewController.swift */; };
		988E840C207FB00A002643DB /* Main.storyboard in Resources */ = {isa = PBXBuildFile; fileRef = 988E840A207FB00A002643DB /* Main.storyboard */; };
		988E840E207FB00A002643DB /* Assets.xcassets in Resources */ = {isa = PBXBuildFile; fileRef = 988E840D207FB00A002643DB /* Assets.xcassets */; };
		988E8411207FB00A002643DB /* LaunchScreen.storyboard in Resources */ = {isa = PBXBuildFile; fileRef = 988E840F207FB00A002643DB /* LaunchScreen.storyboard */; };
/* End PBXBuildFile section */

/* Begin PBXFileReference section */
		988E83FD207FB00A002643DB /* Moon Pool.app */ = {isa = PBXFileReference; explicitFileType = wrapper.application; includeInIndex = 0; path = "Moon Pool.app"; sourceTree = BUILT_PRODUCTS_DIR; };
		988E8400207FB00A002643DB /* AppDelegate.swift */ = {isa = PBXFileReference; lastKnownFileType = sourcecode.swift; path = AppDelegate.swift; sourceTree = "<group>"; };
		988E8402207FB00A002643DB /* GameScene.sks */ = {isa = PBXFileReference; lastKnownFileType = file.sks; path = GameScene.sks; sourceTree = "<group>"; };
		988E8404207FB00A002643DB /* Actions.sks */ = {isa = PBXFileReference; lastKnownFileType = file.sks; path = Actions.sks; sourceTree = "<group>"; };
		988E8406207FB00A002643DB /* GameScene.swift */ = {isa = PBXFileReference; lastKnownFileType = sourcecode.swift; path = GameScene.swift; sourceTree = "<group>"; };
		988E8408207FB00A002643DB /* GameViewController.swift */ = {isa = PBXFileReference; lastKnownFileType = sourcecode.swift; path = GameViewController.swift; sourceTree = "<group>"; };
		988E840B207FB00A002643DB /* Base */ = {isa = PBXFileReference; lastKnownFileType = file.storyboard; name = Base; path = Base.lproj/Main.storyboard; sourceTree = "<group>"; };
		988E840D207FB00A002643DB /* Assets.xcassets */ = {isa = PBXFileReference; lastKnownFileType = folder.assetcatalog; path = Assets.xcassets; sourceTree = "<group>"; };
		988E8410207FB00A002643DB /* Base */ = {isa = PBXFileReference; lastKnownFileType = file.storyboard; name = Base; path = Base.lproj/LaunchScreen.storyboard; sourceTree = "<group>"; };
		988E8412207FB00A002643DB /* Info.plist */ = {isa = PBXFileReference; lastKnownFileType = text.plist.xml; path = Info.plist; sourceTree = "<group>"; };
/* End PBXFileReference section */

/* Begin PBXFrameworksBuildPhase section */
		988E83FA207FB00A002643DB /* Frameworks */ = {
			isa = PBXFrameworksBuildPhase;
			buildActionMask = 2147483647;
			files = (
			);
			runOnlyForDeploymentPostprocessing = 0;
		};
/* End PBXFrameworksBuildPhase section */

/* Begin PBXGroup section */
		988E83F4207FB00A002643DB = {
			isa = PBXGroup;
			children = (
				988E83FF207FB00A002643DB /* Moon Pool */,
				988E83FE207FB00A002643DB /* Products */,
			);
			sourceTree = "<group>";
		};
		988E83FE207FB00A002643DB /* Products */ = {
			isa = PBXGroup;
			children = (
				988E83FD207FB00A002643DB /* Moon Pool.app */,
			);
			name = Products;
			sourceTree = "<group>";
		};
		988E83FF207FB00A002643DB /* Moon Pool */ = {
			isa = PBXGroup;
			children = (
				988E8400207FB00A002643DB /* AppDelegate.swift */,
				988E8402207FB00A002643DB /* GameScene.sks */,
				988E8404207FB00A002643DB /* Actions.sks */,
				988E8406207FB00A002643DB /* GameScene.swift */,
				988E8408207FB00A002643DB /* GameViewController.swift */,
				988E840A207FB00A002643DB /* Main.storyboard */,
				988E840D207FB00A002643DB /* Assets.xcassets */,
				988E840F207FB00A002643DB /* LaunchScreen.storyboard */,
				988E8412207FB00A002643DB /* Info.plist */,
			);
			path = "Moon Pool";
			sourceTree = "<group>";
		};
/* End PBXGroup section */

/* Begin PBXNativeTarget section */
		988E83FC207FB00A002643DB /* Moon Pool */ = {
			isa = PBXNativeTarget;
			buildConfigurationList = 988E8415207FB00A002643DB /* Build configuration list for PBXNativeTarget "Moon Pool" */;
			buildPhases = (
				988E83F9207FB00A002643DB /* Sources */,
				988E83FA207FB00A002643DB /* Frameworks */,
				988E83FB207FB00A002643DB /* Resources */,
			);
			buildRules = (
			);
			dependencies = (
			);
			name = "Moon Pool";
			productName = "Moon Pool";
			productReference = 988E83FD207FB00A002643DB /* Moon Pool.app */;
			productType = "com.apple.product-type.application";
		};
/* End PBXNativeTarget section */

/* Begin PBXProject section */
		988E83F5207FB00A002643DB /* Project object */ = {
			isa = PBXProject;
			attributes = {
				LastSwiftUpdateCheck = 0920;
				LastUpgradeCheck = 0920;
				ORGANIZATIONNAME = "Lucy Gjermstad";
				TargetAttributes = {
					988E83FC207FB00A002643DB = {
						CreatedOnToolsVersion = 9.2;
						ProvisioningStyle = Automatic;
					};
				};
			};
			buildConfigurationList = 988E83F8207FB00A002643DB /* Build configuration list for PBXProject "Moon Pool" */;
			compatibilityVersion = "Xcode 8.0";
			developmentRegion = en;
			hasScannedForEncodings = 0;
			knownRegions = (
				en,
				Base,
			);
			mainGroup = 988E83F4207FB00A002643DB;
			productRefGroup = 988E83FE207FB00A002643DB /* Products */;
			projectDirPath = "";
			projectRoot = "";
			targets = (
				988E83FC207FB00A002643DB /* Moon Pool */,
			);
		};
/* End PBXProject section */

/* Begin PBXResourcesBuildPhase section */
		988E83FB207FB00A002643DB /* Resources */ = {
			isa = PBXResourcesBuildPhase;
			buildActionMask = 2147483647;
			files = (
				988E840C207FB00A002643DB /* Main.storyboard in Resources */,
				988E8403207FB00A002643DB /* GameScene.sks in Resources */,
				988E840E207FB00A002643DB /* Assets.xcassets in Resources */,
				988E8411207FB00A002643DB /* LaunchScreen.storyboard in Resources */,
				988E8405207FB00A002643DB /* Actions.sks in Resources */,
			);
			runOnlyForDeploymentPostprocessing = 0;
		};
/* End PBXResourcesBuildPhase section */

/* Begin PBXSourcesBuildPhase section */
		988E83F9207FB00A002643DB /* Sources */ = {
			isa = PBXSourcesBuildPhase;
			buildActionMask = 2147483647;
			files = (
				988E8407207FB00A002643DB /* GameScene.swift in Sources */,
				988E8409207FB00A002643DB /* GameViewController.swift in Sources */,
				988E8401207FB00A002643DB /* AppDelegate.swift in Sources */,
			);
			runOnlyForDeploymentPostprocessing = 0;
		};
/* End PBXSourcesBuildPhase section */

/* Begin PBXVariantGroup section */
		988E840A207FB00A002643DB /* Main.storyboard */ = {
			isa = PBXVariantGroup;
			children = (
				988E840B207FB00A002643DB /* Base */,
			);
			name = Main.storyboard;
			sourceTree = "<group>";
		};
		988E840F207FB00A002643DB /* LaunchScreen.storyboard */ = {
			isa = PBXVariantGroup;
			children = (
				988E8410207FB00A002643DB /* Base */,
			);
			name = LaunchScreen.storyboard;
			sourceTree = "<group>";
		};
/* End PBXVariantGroup section */

/* Begin XCBuildConfiguration section */
		988E8413207FB00A002643DB /* Debug */ = {
			isa = XCBuildConfiguration;
			buildSettings = {
				ALWAYS_SEARCH_USER_PATHS = NO;
				CLANG_ANALYZER_NONNULL = YES;
				CLANG_ANALYZER_NUMBER_OBJECT_CONVERSION = YES_AGGRESSIVE;
				CLANG_CXX_LANGUAGE_STANDARD = "gnu++14";
				CLANG_CXX_LIBRARY = "libc++";
				CLANG_ENABLE_MODULES = YES;
				CLANG_ENABLE_OBJC_ARC = YES;
				CLANG_WARN_BLOCK_CAPTURE_AUTORELEASING = YES;
				CLANG_WARN_BOOL_CONVERSION = YES;
				CLANG_WARN_COMMA = YES;
				CLANG_WARN_CONSTANT_CONVERSION = YES;
				CLANG_WARN_DIRECT_OBJC_ISA_USAGE = YES_ERROR;
				CLANG_WARN_DOCUMENTATION_COMMENTS = YES;
				CLANG_WARN_EMPTY_BODY = YES;
				CLANG_WARN_ENUM_CONVERSION = YES;
				CLANG_WARN_INFINITE_RECURSION = YES;
				CLANG_WARN_INT_CONVERSION = YES;
				CLANG_WARN_NON_LITERAL_NULL_CONVERSION = YES;
				CLANG_WARN_OBJC_LITERAL_CONVERSION = YES;
				CLANG_WARN_OBJC_ROOT_CLASS = YES_ERROR;
				CLANG_WARN_RANGE_LOOP_ANALYSIS = YES;
				CLANG_WARN_STRICT_PROTOTYPES = YES;
				CLANG_WARN_SUSPICIOUS_MOVE = YES;
				CLANG_WARN_UNGUARDED_AVAILABILITY = YES_AGGRESSIVE;
				CLANG_WARN_UNREACHABLE_CODE = YES;
				CLANG_WARN__DUPLICATE_METHOD_MATCH = YES;
				CODE_SIGN_IDENTITY = "iPhone Developer";
				COPY_PHASE_STRIP = NO;
				DEBUG_INFORMATION_FORMAT = dwarf;
				ENABLE_STRICT_OBJC_MSGSEND = YES;
				ENABLE_TESTABILITY = YES;
				GCC_C_LANGUAGE_STANDARD = gnu11;
				GCC_DYNAMIC_NO_PIC = NO;
				GCC_NO_COMMON_BLOCKS = YES;
				GCC_OPTIMIZATION_LEVEL = 0;
				GCC_PREPROCESSOR_DEFINITIONS = (
					"DEBUG=1",
					"$(inherited)",
				);
				GCC_WARN_64_TO_32_BIT_CONVERSION = YES;
				GCC_WARN_ABOUT_RETURN_TYPE = YES_ERROR;
				GCC_WARN_UNDECLARED_SELECTOR = YES;
				GCC_WARN_UNINITIALIZED_AUTOS = YES_AGGRESSIVE;
				GCC_WARN_UNUSED_FUNCTION = YES;
				GCC_WARN_UNUSED_VARIABLE = YES;
				IPHONEOS_DEPLOYMENT_TARGET = 11.2;
				MTL_ENABLE_DEBUG_INFO = YES;
				ONLY_ACTIVE_ARCH = YES;
				SDKROOT = iphoneos;
				SWIFT_ACTIVE_COMPILATION_CONDITIONS = DEBUG;
				SWIFT_OPTIMIZATION_LEVEL = "-Onone";
			};
			name = Debug;
		};
		988E8414207FB00A002643DB /* Release */ = {
			isa = XCBuildConfiguration;
			buildSettings = {
				ALWAYS_SEARCH_USER_PATHS = NO;
				CLANG_ANALYZER_NONNULL = YES;
				CLANG_ANALYZER_NUMBER_OBJECT_CONVERSION = YES_AGGRESSIVE;
				CLANG_CXX_LANGUAGE_STANDARD = "gnu++14";
				CLANG_CXX_LIBRARY = "libc++";
				CLANG_ENABLE_MODULES = YES;
				CLANG_ENABLE_OBJC_ARC = YES;
				CLANG_WARN_BLOCK_CAPTURE_AUTORELEASING = YES;
				CLANG_WARN_BOOL_CONVERSION = YES;
				CLANG_WARN_COMMA = YES;
				CLANG_WARN_CONSTANT_CONVERSION = YES;
				CLANG_WARN_DIRECT_OBJC_ISA_USAGE = YES_ERROR;
				CLANG_WARN_DOCUMENTATION_COMMENTS = YES;
				CLANG_WARN_EMPTY_BODY = YES;
				CLANG_WARN_ENUM_CONVERSION = YES;
				CLANG_WARN_INFINITE_RECURSION = YES;
				CLANG_WARN_INT_CONVERSION = YES;
				CLANG_WARN_NON_LITERAL_NULL_CONVERSION = YES;
				CLANG_WARN_OBJC_LITERAL_CONVERSION = YES;
				CLANG_WARN_OBJC_ROOT_CLASS = YES_ERROR;
				CLANG_WARN_RANGE_LOOP_ANALYSIS = YES;
				CLANG_WARN_STRICT_PROTOTYPES = YES;
				CLANG_WARN_SUSPICIOUS_MOVE = YES;
				CLANG_WARN_UNGUARDED_AVAILABILITY = YES_AGGRESSIVE;
				CLANG_WARN_UNREACHABLE_CODE = YES;
				CLANG_WARN__DUPLICATE_METHOD_MATCH = YES;
				CODE_SIGN_IDENTITY = "iPhone Developer";
				COPY_PHASE_STRIP = NO;
				DEBUG_INFORMATION_FORMAT = "dwarf-with-dsym";
				ENABLE_NS_ASSERTIONS = NO;
				ENABLE_STRICT_OBJC_MSGSEND = YES;
				GCC_C_LANGUAGE_STANDARD = gnu11;
				GCC_NO_COMMON_BLOCKS = YES;
				GCC_WARN_64_TO_32_BIT_CONVERSION = YES;
				GCC_WARN_ABOUT_RETURN_TYPE = YES_ERROR;
				GCC_WARN_UNDECLARED_SELECTOR = YES;
				GCC_WARN_UNINITIALIZED_AUTOS = YES_AGGRESSIVE;
				GCC_WARN_UNUSED_FUNCTION = YES;
				GCC_WARN_UNUSED_VARIABLE = YES;
				IPHONEOS_DEPLOYMENT_TARGET = 11.2;
				MTL_ENABLE_DEBUG_INFO = NO;
				SDKROOT = iphoneos;
				SWIFT_OPTIMIZATION_LEVEL = "-Owholemodule";
				VALIDATE_PRODUCT = YES;
			};
			name = Release;
		};
		988E8416207FB00A002643DB /* Debug */ = {
			isa = XCBuildConfiguration;
			buildSettings = {
				ASSETCATALOG_COMPILER_APPICON_NAME = AppIcon;
				CODE_SIGN_STYLE = Automatic;
				INFOPLIST_FILE = "Moon Pool/Info.plist";
				LD_RUNPATH_SEARCH_PATHS = "$(inherited) @executable_path/Frameworks";
				PRODUCT_BUNDLE_IDENTIFIER = "LG.Moon-Pool";
				PRODUCT_NAME = "$(TARGET_NAME)";
				SWIFT_VERSION = 4.0;
				TARGETED_DEVICE_FAMILY = "1,2";
			};
			name = Debug;
		};
		988E8417207FB00A002643DB /* Release */ = {
			isa = XCBuildConfiguration;
			buildSettings = {
				ASSETCATALOG_COMPILER_APPICON_NAME = AppIcon;
				CODE_SIGN_STYLE = Automatic;
				INFOPLIST_FILE = "Moon Pool/Info.plist";
				LD_RUNPATH_SEARCH_PATHS = "$(inherited) @executable_path/Frameworks";
				PRODUCT_BUNDLE_IDENTIFIER = "LG.Moon-Pool";
				PRODUCT_NAME = "$(TARGET_NAME)";
				SWIFT_VERSION = 4.0;
				TARGETED_DEVICE_FAMILY = "1,2";
			};
			name = Release;
		};
/* End XCBuildConfiguration section */

/* Begin XCConfigurationList section */
		988E83F8207FB00A002643DB /* Build configuration list for PBXProject "Moon Pool" */ = {
			isa = XCConfigurationList;
			buildConfigurations = (
				988E8413207FB00A002643DB /* Debug */,
				988E8414207FB00A002643DB /* Release */,
			);
			defaultConfigurationIsVisible = 0;
			defaultConfigurationName = Release;
		};
		988E8415207FB00A002643DB /* Build configuration list for PBXNativeTarget "Moon Pool" */ = {
			isa = XCConfigurationList;
			buildConfigurations = (
				988E8416207FB00A002643DB /* Debug */,
				988E8417207FB00A002643DB /* Release */,
			);
			defaultConfigurationIsVisible = 0;
			defaultConfigurationName = Release;
		};
/* End XCConfigurationList section */
	};
	rootObject = 988E83F5207FB00A002643DB /* Project object */;
}
